
Microsoft Visual Studio Solution File, Format Version 12.00
# Visual Studio Version 17
VisualStudioVersion = 17.8.34309.116
MinimumVisualStudioVersion = 10.0.40219.1
Project("{FAE04EC0-301F-11D3-BF4B-00C04F79EFBC}") = "Assignment-Inheritance", "Assignment-Inheritance.csproj", "{B15A653F-F6CC-4268-9CCC-529F1979AE36}"
EndProject
Global
	GlobalSection(SolutionConfigurationPlatforms) = preSolution
		Debug|Any CPU = Debug|Any CPU
		Release|Any CPU = Release|Any CPU
	EndGlobalSection
	GlobalSection(ProjectConfigurationPlatforms) = postSolution
		{B15A653F-F6CC-4268-9CCC-529F1979AE36}.Debug|Any CPU.ActiveCfg = Debug|Any CPU
		{B15A653F-F6CC-4268-9CCC-529F1979AE36}.Debug|Any CPU.Build.0 = Debug|Any CPU
		{B15A653F-F6CC-4268-9CCC-529F1979AE36}.Release|Any CPU.ActiveCfg = Release|Any CPU
		{B15A653F-F6CC-4268-9CCC-529F1979AE36}.Release|Any CPU.Build.0 = Release|Any CPU
	EndGlobalSection
	GlobalSection(SolutionProperties) = preSolution
		HideSolutionNode = FALSE
	EndGlobalSection
	GlobalSection(ExtensibilityGlobals) = postSolution
		SolutionGuid = {7A22FA70-023D-43D9-8206-3FA74538F7DC}
	EndGlobalSection
EndGlobal
